
Microsoft Visual Studio Solution File, Format Version 12.00
# Visual Studio Version 16
VisualStudioVersion = 16.0.30804.86
MinimumVisualStudioVersion = 10.0.40219.1
Project("{9A19103F-16F7-4668-BE54-9A1E7A4F7556}") = "VacationHireInc.WebApi", "VacationHireInc.WebApi\VacationHireInc.WebApi.csproj", "{06463304-2B90-4B9E-BDBB-1BBB25B7ECFA}"
EndProject
Project("{9A19103F-16F7-4668-BE54-9A1E7A4F7556}") = "VacationHireInc.DataLayer", "VacationHireInc.DataLayer\VacationHireInc.DataLayer.csproj", "{90AB39A8-796B-401D-86C0-744C430807BC}"
EndProject
Project("{9A19103F-16F7-4668-BE54-9A1E7A4F7556}") = "VacationHireInc.Security", "VacationHireInc.Security\VacationHireInc.Security.csproj", "{A3076E6E-8FD9-4360-AED4-EB5EAFA91631}"
EndProject
Project("{9A19103F-16F7-4668-BE54-9A1E7A4F7556}") = "VacationHireInc.Tests", "VacationHireInc.Tests\VacationHireInc.Tests.csproj", "{C9CC799E-3AD9-4C6F-AA73-BC0A65D6C63B}"
EndProject
Project("{9A19103F-16F7-4668-BE54-9A1E7A4F7556}") = "VacationHireInc.BusinessLayer", "VacationHireInc.BusinessLayer\VacationHireInc.BusinessLayer.csproj", "{59879E32-E20E-49DD-9EE9-952F5A7A5680}"
EndProject
Global
	GlobalSection(SolutionConfigurationPlatforms) = preSolution
		Debug|Any CPU = Debug|Any CPU
		Release|Any CPU = Release|Any CPU
	EndGlobalSection
	GlobalSection(ProjectConfigurationPlatforms) = postSolution
		{06463304-2B90-4B9E-BDBB-1BBB25B7ECFA}.Debug|Any CPU.ActiveCfg = Debug|Any CPU
		{06463304-2B90-4B9E-BDBB-1BBB25B7ECFA}.Debug|Any CPU.Build.0 = Debug|Any CPU
		{06463304-2B90-4B9E-BDBB-1BBB25B7ECFA}.Release|Any CPU.ActiveCfg = Release|Any CPU
		{06463304-2B90-4B9E-BDBB-1BBB25B7ECFA}.Release|Any CPU.Build.0 = Release|Any CPU
		{90AB39A8-796B-401D-86C0-744C430807BC}.Debug|Any CPU.ActiveCfg = Debug|Any CPU
		{90AB39A8-796B-401D-86C0-744C430807BC}.Debug|Any CPU.Build.0 = Debug|Any CPU
		{90AB39A8-796B-401D-86C0-744C430807BC}.Release|Any CPU.ActiveCfg = Release|Any CPU
		{90AB39A8-796B-401D-86C0-744C430807BC}.Release|Any CPU.Build.0 = Release|Any CPU
		{A3076E6E-8FD9-4360-AED4-EB5EAFA91631}.Debug|Any CPU.ActiveCfg = Debug|Any CPU
		{A3076E6E-8FD9-4360-AED4-EB5EAFA91631}.Debug|Any CPU.Build.0 = Debug|Any CPU
		{A3076E6E-8FD9-4360-AED4-EB5EAFA91631}.Release|Any CPU.ActiveCfg = Release|Any CPU
		{A3076E6E-8FD9-4360-AED4-EB5EAFA91631}.Release|Any CPU.Build.0 = Release|Any CPU
		{C9CC799E-3AD9-4C6F-AA73-BC0A65D6C63B}.Debug|Any CPU.ActiveCfg = Debug|Any CPU
		{C9CC799E-3AD9-4C6F-AA73-BC0A65D6C63B}.Debug|Any CPU.Build.0 = Debug|Any CPU
		{C9CC799E-3AD9-4C6F-AA73-BC0A65D6C63B}.Release|Any CPU.ActiveCfg = Release|Any CPU
		{C9CC799E-3AD9-4C6F-AA73-BC0A65D6C63B}.Release|Any CPU.Build.0 = Release|Any CPU
		{59879E32-E20E-49DD-9EE9-952F5A7A5680}.Debug|Any CPU.ActiveCfg = Debug|Any CPU
		{59879E32-E20E-49DD-9EE9-952F5A7A5680}.Debug|Any CPU.Build.0 = Debug|Any CPU
		{59879E32-E20E-49DD-9EE9-952F5A7A5680}.Release|Any CPU.ActiveCfg = Release|Any CPU
		{59879E32-E20E-49DD-9EE9-952F5A7A5680}.Release|Any CPU.Build.0 = Release|Any CPU
	EndGlobalSection
	GlobalSection(SolutionProperties) = preSolution
		HideSolutionNode = FALSE
	EndGlobalSection
	GlobalSection(ExtensibilityGlobals) = postSolution
		SolutionGuid = {74218E5A-226C-40B1-BDEB-6051B526C04B}
	EndGlobalSection
EndGlobal
